
Microsoft Visual Studio Solution File, Format Version 12.00
# Visual Studio 15
VisualStudioVersion = 15.0.28307.136
MinimumVisualStudioVersion = 10.0.40219.1
Project("{FAE04EC0-301F-11D3-BF4B-00C04F79EFBC}") = "Valor pago dolar", "Valor pago dolar\Valor pago dolar.csproj", "{D4C46B15-002D-4F91-90EA-A45963787469}"
EndProject
Global
	GlobalSection(SolutionConfigurationPlatforms) = preSolution
		Debug|Any CPU = Debug|Any CPU
		Release|Any CPU = Release|Any CPU
	EndGlobalSection
	GlobalSection(ProjectConfigurationPlatforms) = postSolution
		{D4C46B15-002D-4F91-90EA-A45963787469}.Debug|Any CPU.ActiveCfg = Debug|Any CPU
		{D4C46B15-002D-4F91-90EA-A45963787469}.Debug|Any CPU.Build.0 = Debug|Any CPU
		{D4C46B15-002D-4F91-90EA-A45963787469}.Release|Any CPU.ActiveCfg = Release|Any CPU
		{D4C46B15-002D-4F91-90EA-A45963787469}.Release|Any CPU.Build.0 = Release|Any CPU
	EndGlobalSection
	GlobalSection(SolutionProperties) = preSolution
		HideSolutionNode = FALSE
	EndGlobalSection
	GlobalSection(ExtensibilityGlobals) = postSolution
		SolutionGuid = {0976A8C9-BEEE-41DF-9AFC-4AD610D6904B}
	EndGlobalSection
EndGlobal
